
Microsoft Visual Studio Solution File, Format Version 12.00
# Visual Studio 15
VisualStudioVersion = 15.0.28010.2036
MinimumVisualStudioVersion = 10.0.40219.1
Project("{FAE04EC0-301F-11D3-BF4B-00C04F79EFBC}") = "TestTask", "TestTask\TestTask.csproj", "{9739AF48-5230-4CE8-A459-025C9C7EFD7A}"
EndProject
Global
	GlobalSection(SolutionConfigurationPlatforms) = preSolution
		Debug|Any CPU = Debug|Any CPU
		Release|Any CPU = Release|Any CPU
	EndGlobalSection
	GlobalSection(ProjectConfigurationPlatforms) = postSolution
		{9739AF48-5230-4CE8-A459-025C9C7EFD7A}.Debug|Any CPU.ActiveCfg = Debug|Any CPU
		{9739AF48-5230-4CE8-A459-025C9C7EFD7A}.Debug|Any CPU.Build.0 = Debug|Any CPU
		{9739AF48-5230-4CE8-A459-025C9C7EFD7A}.Release|Any CPU.ActiveCfg = Release|Any CPU
		{9739AF48-5230-4CE8-A459-025C9C7EFD7A}.Release|Any CPU.Build.0 = Release|Any CPU
	EndGlobalSection
	GlobalSection(SolutionProperties) = preSolution
		HideSolutionNode = FALSE
	EndGlobalSection
	GlobalSection(ExtensibilityGlobals) = postSolution
		SolutionGuid = {FFADBE7A-3422-48D8-B175-BD4307C80BA5}
	EndGlobalSection
EndGlobal
